
Microsoft Visual Studio Solution File, Format Version 12.00
# Visual Studio 14
VisualStudioVersion = 14.0.25420.1
MinimumVisualStudioVersion = 10.0.40219.1
Project("{FAE04EC0-301F-11D3-BF4B-00C04F79EFBC}") = "ProjectWedding", "ProjectWedding\ProjectWedding.csproj", "{8F60A93D-511E-4400-8D27-BF1DAB2684BF}"
EndProject
Project("{FAE04EC0-301F-11D3-BF4B-00C04F79EFBC}") = "DTO", "DTO\DTO.csproj", "{59202ED7-FC74-4C4F-96A0-B3E7AFCEFC3C}"
EndProject
Project("{FAE04EC0-301F-11D3-BF4B-00C04F79EFBC}") = "BUS", "BUS\BUS.csproj", "{69A6205A-FE66-4AE3-B5F8-36C6CD78ED3B}"
EndProject
Project("{FAE04EC0-301F-11D3-BF4B-00C04F79EFBC}") = "DAL", "DAL\DAL.csproj", "{FF0A4DAD-8E2B-4DDD-A258-2222662B220B}"
EndProject
Global
	GlobalSection(SolutionConfigurationPlatforms) = preSolution
		Debug|Any CPU = Debug|Any CPU
		Release|Any CPU = Release|Any CPU
	EndGlobalSection
	GlobalSection(ProjectConfigurationPlatforms) = postSolution
		{8F60A93D-511E-4400-8D27-BF1DAB2684BF}.Debug|Any CPU.ActiveCfg = Debug|Any CPU
		{8F60A93D-511E-4400-8D27-BF1DAB2684BF}.Debug|Any CPU.Build.0 = Debug|Any CPU
		{8F60A93D-511E-4400-8D27-BF1DAB2684BF}.Release|Any CPU.ActiveCfg = Release|Any CPU
		{8F60A93D-511E-4400-8D27-BF1DAB2684BF}.Release|Any CPU.Build.0 = Release|Any CPU
		{59202ED7-FC74-4C4F-96A0-B3E7AFCEFC3C}.Debug|Any CPU.ActiveCfg = Debug|Any CPU
		{59202ED7-FC74-4C4F-96A0-B3E7AFCEFC3C}.Debug|Any CPU.Build.0 = Debug|Any CPU
		{59202ED7-FC74-4C4F-96A0-B3E7AFCEFC3C}.Release|Any CPU.ActiveCfg = Release|Any CPU
		{59202ED7-FC74-4C4F-96A0-B3E7AFCEFC3C}.Release|Any CPU.Build.0 = Release|Any CPU
		{69A6205A-FE66-4AE3-B5F8-36C6CD78ED3B}.Debug|Any CPU.ActiveCfg = Debug|Any CPU
		{69A6205A-FE66-4AE3-B5F8-36C6CD78ED3B}.Debug|Any CPU.Build.0 = Debug|Any CPU
		{69A6205A-FE66-4AE3-B5F8-36C6CD78ED3B}.Release|Any CPU.ActiveCfg = Release|Any CPU
		{69A6205A-FE66-4AE3-B5F8-36C6CD78ED3B}.Release|Any CPU.Build.0 = Release|Any CPU
		{FF0A4DAD-8E2B-4DDD-A258-2222662B220B}.Debug|Any CPU.ActiveCfg = Debug|Any CPU
		{FF0A4DAD-8E2B-4DDD-A258-2222662B220B}.Debug|Any CPU.Build.0 = Debug|Any CPU
		{FF0A4DAD-8E2B-4DDD-A258-2222662B220B}.Release|Any CPU.ActiveCfg = Release|Any CPU
		{FF0A4DAD-8E2B-4DDD-A258-2222662B220B}.Release|Any CPU.Build.0 = Release|Any CPU
	EndGlobalSection
	GlobalSection(SolutionProperties) = preSolution
		HideSolutionNode = FALSE
	EndGlobalSection
	GlobalSection(ExtensibilityGlobals) = postSolution
		SolutionGuid = {59536E14-77CE-456A-94EA-68747CD9AF71}
	EndGlobalSection
EndGlobal
